
Microsoft Visual Studio Solution File, Format Version 12.00
# Visual Studio Version 17
VisualStudioVersion = 17.2.32630.192
MinimumVisualStudioVersion = 10.0.40219.1
Project("{FAE04EC0-301F-11D3-BF4B-00C04F79EFBC}") = "ApiRandom", "ApiRandom\ApiRandom.csproj", "{C60E3704-442C-477D-A75D-5B68E74365E4}"
EndProject
Global
	GlobalSection(SolutionConfigurationPlatforms) = preSolution
		Debug|Any CPU = Debug|Any CPU
		Release|Any CPU = Release|Any CPU
	EndGlobalSection
	GlobalSection(ProjectConfigurationPlatforms) = postSolution
		{C60E3704-442C-477D-A75D-5B68E74365E4}.Debug|Any CPU.ActiveCfg = Debug|Any CPU
		{C60E3704-442C-477D-A75D-5B68E74365E4}.Debug|Any CPU.Build.0 = Debug|Any CPU
		{C60E3704-442C-477D-A75D-5B68E74365E4}.Release|Any CPU.ActiveCfg = Release|Any CPU
		{C60E3704-442C-477D-A75D-5B68E74365E4}.Release|Any CPU.Build.0 = Release|Any CPU
	EndGlobalSection
	GlobalSection(SolutionProperties) = preSolution
		HideSolutionNode = FALSE
	EndGlobalSection
	GlobalSection(ExtensibilityGlobals) = postSolution
		SolutionGuid = {B485339E-3999-4812-B70B-087DF6C5CB5B}
	EndGlobalSection
EndGlobal
