
Microsoft Visual Studio Solution File, Format Version 12.00
# Visual Studio Version 17
VisualStudioVersion = 17.2.32630.192
MinimumVisualStudioVersion = 10.0.40219.1
Project("{FAE04EC0-301F-11D3-BF4B-00C04F79EFBC}") = "Ayudantia14", "Ayudantia14\Ayudantia14.csproj", "{8D624F3B-FCF9-4451-A0BB-ED38AA54ACDA}"
EndProject
Global
	GlobalSection(SolutionConfigurationPlatforms) = preSolution
		Debug|Any CPU = Debug|Any CPU
		Release|Any CPU = Release|Any CPU
	EndGlobalSection
	GlobalSection(ProjectConfigurationPlatforms) = postSolution
		{8D624F3B-FCF9-4451-A0BB-ED38AA54ACDA}.Debug|Any CPU.ActiveCfg = Debug|Any CPU
		{8D624F3B-FCF9-4451-A0BB-ED38AA54ACDA}.Debug|Any CPU.Build.0 = Debug|Any CPU
		{8D624F3B-FCF9-4451-A0BB-ED38AA54ACDA}.Release|Any CPU.ActiveCfg = Release|Any CPU
		{8D624F3B-FCF9-4451-A0BB-ED38AA54ACDA}.Release|Any CPU.Build.0 = Release|Any CPU
	EndGlobalSection
	GlobalSection(SolutionProperties) = preSolution
		HideSolutionNode = FALSE
	EndGlobalSection
	GlobalSection(ExtensibilityGlobals) = postSolution
		SolutionGuid = {EA093AC1-BD89-4AA6-BEF4-DBDA81D6F4E0}
	EndGlobalSection
EndGlobal
